github.com/google/btree v1.0.0 h1:0udJVsspx3VBr5FwtLhQQtuAsVc79tTq0ocGIPAU6qo=
github.com/google/btree v1.0.0/go.mod h1:lNA+9X1NB3Zf8V7Ke586lFgjr2dZNuvo3lPJSGZ5JPQ=
github.com/jessevdk/go-flags v1.4.0 h1:4IU2WS7AumrZ/40jfhf4QVDMsQwqA7VEHozFRrGARJA=
github.com/jessevdk/go-flags v1.4.0/go.mod h1:4FA24M0QyGHXBuZZK/XkWh8h0e1EYbRYJSGM75WSRxI=
github.com/lestrrat-go/pdebug v0.0.0-20180220043849-39f9a71bcabe h1:S7XSBlgc/eI2v47LkPPVa+infH3FuTS4tPJbqCtJovo=
github.com/lestrrat-go/pdebug v0.0.0-20180220043849-39f9a71bcabe/go.mod h1:zvUY6gZZVL2nu7NM+/3b51Z/hxyFZCZxV0hvfZ3NJlg=
github.com/lestrrat/go-pdebug v0.0.0-20180220043741-569c97477ae8 h1:ttJD8hTqvrPEUBoAG5hJKbDOJ84u7zmbnZsUL4V9430=
github.com/lestrrat/go-pdebug v0.0.0-20180220043741-569c97477ae8/go.mod h1:VXFH11P7fHn2iPBsfSW1JacR59rttTcafJnwYcI/IdY=
github.com/mattn/go-runewidth v0.0.4 h1:2BvfKmzob6Bmd4YsL0zygOqfdFnK7GR4QL06Do4/p7Y=
github.com/mattn/go-runewidth v0.0.4/go.mod h1:LwmH8dsx7+W8Uxz3IHJYH5QSwggIsqBzpuz5H//U1FU=
github.com/nsf/termbox-go v0.0.0-20190325093121-288510b9734e h1:Vbib8wJAaMEF9jusI/kMSYMr/LtRzM7+F9MJgt/nH8k=
github.com/nsf/termbox-go v0.0.0-20190325093121-288510b9734e/go.mod h1:IuKpRQcYE1Tfu+oAQqaLisqDeXgjyyltCfsaoYN18NQ=
github.com/peco/peco v0.5.3 h1:IO3e0DnbxcC9CmFK7HYruEJ7aH9B43miuuhoCQI19dY=
github.com/peco/peco v0.5.3/go.mod h1:tmOZfDo33bpfKNdEz1j1GDKYJwJ4tLBOuVj2SdxP3+I=
github.com/pkg/errors v0.8.1 h1:iURUrRGxPUNPdy5/HRSm+Yj6okJ6UtLINN0Q9M4+h3I=
github.com/pkg/errors v0.8.1/go.mod h1:bwawxfHBFNV+L2hUp1rHADufV3IMtnDRdf1r5NINEl0=
github.com/saihon/flags v0.0.0-20190329112307-b73009d3f191 h1:hMsXsqh/hzFy15+MwWeFH+oFq6hR3cP9iGBiDwGgG/E=
github.com/saihon/flags v0.0.0-20190329112307-b73009d3f191/go.mod h1:EYCQHB3Ku79fnLk/t7k5S3Jmho1CG8/3R7J9vCp3SlM=
github.com/saihon/pathmap v0.0.0-20190407053153-e7876fec433d h1:lltsJ5V3NafgRa95IE046CglNRFIgVn5fg95q29o5gs=
github.com/saihon/pathmap v0.0.0-20190407053153-e7876fec433d/go.mod h1:H0jKWdNfmnITr2oT7fnur+d+2bVT7HOJyQCWSRWQ1EQ=
